// !$*UTF8*$!
{
	archiveVersion = 1;
	classes = {
	};
	objectVersion = 50;
	objects = {

/* Begin PBXBuildFile section */
		1525449923E8AFFA009B0312 /* AppDelegate.swift in Sources */ = {isa = PBXBuildFile; fileRef = 1525449823E8AFFA009B0312 /* AppDelegate.swift */; };
		1525449B23E8AFFA009B0312 /* SceneDelegate.swift in Sources */ = {isa = PBXBuildFile; fileRef = 1525449A23E8AFFA009B0312 /* SceneDelegate.swift */; };
		152544A023E8AFFA009B0312 /* Main.storyboard in Resources */ = {isa = PBXBuildFile; fileRef = 1525449E23E8AFFA009B0312 /* Main.storyboard */; };
		152544A223E8AFFB009B0312 /* Assets.xcassets in Resources */ = {isa = PBXBuildFile; fileRef = 152544A123E8AFFB009B0312 /* Assets.xcassets */; };
		152544A523E8AFFB009B0312 /* LaunchScreen.storyboard in Resources */ = {isa = PBXBuildFile; fileRef = 152544A323E8AFFB009B0312 /* LaunchScreen.storyboard */; };
		152544B023E8B9B4009B0312 /* HomePageViewController.swift in Sources */ = {isa = PBXBuildFile; fileRef = 152544AF23E8B9B4009B0312 /* HomePageViewController.swift */; };
		152544B223E8C053009B0312 /* WatchListViewController.swift in Sources */ = {isa = PBXBuildFile; fileRef = 152544B123E8C053009B0312 /* WatchListViewController.swift */; };
		152544B823E8CDC2009B0312 /* ScheduleViewController.swift in Sources */ = {isa = PBXBuildFile; fileRef = 152544B723E8CDC2009B0312 /* ScheduleViewController.swift */; };
		152544BD23E8CE62009B0312 /* Series.swift in Sources */ = {isa = PBXBuildFile; fileRef = 152544BC23E8CE62009B0312 /* Series.swift */; };
		152544BF23E8D343009B0312 /* AddSeriesViewController.swift in Sources */ = {isa = PBXBuildFile; fileRef = 152544BE23E8D343009B0312 /* AddSeriesViewController.swift */; };
		152544C123E8D7FD009B0312 /* QuickCalendarViewController.swift in Sources */ = {isa = PBXBuildFile; fileRef = 152544C023E8D7FD009B0312 /* QuickCalendarViewController.swift */; };
		152544C323E91233009B0312 /* HomeTilesTableViewCell.swift in Sources */ = {isa = PBXBuildFile; fileRef = 152544C223E91233009B0312 /* HomeTilesTableViewCell.swift */; };
		152544C523E91CE7009B0312 /* SeriesController.swift in Sources */ = {isa = PBXBuildFile; fileRef = 152544C423E91CE7009B0312 /* SeriesController.swift */; };
/* End PBXBuildFile section */

/* Begin PBXFileReference section */
		1525449523E8AFFA009B0312 /* BinGee.app */ = {isa = PBXFileReference; explicitFileType = wrapper.application; includeInIndex = 0; path = BinGee.app; sourceTree = BUILT_PRODUCTS_DIR; };
		1525449823E8AFFA009B0312 /* AppDelegate.swift */ = {isa = PBXFileReference; lastKnownFileType = sourcecode.swift; path = AppDelegate.swift; sourceTree = "<group>"; };
		1525449A23E8AFFA009B0312 /* SceneDelegate.swift */ = {isa = PBXFileReference; lastKnownFileType = sourcecode.swift; path = SceneDelegate.swift; sourceTree = "<group>"; };
		1525449F23E8AFFA009B0312 /* Base */ = {isa = PBXFileReference; lastKnownFileType = file.storyboard; name = Base; path = Base.lproj/Main.storyboard; sourceTree = "<group>"; };
		152544A123E8AFFB009B0312 /* Assets.xcassets */ = {isa = PBXFileReference; lastKnownFileType = folder.assetcatalog; path = Assets.xcassets; sourceTree = "<group>"; };
		152544A423E8AFFB009B0312 /* Base */ = {isa = PBXFileReference; lastKnownFileType = file.storyboard; name = Base; path = Base.lproj/LaunchScreen.storyboard; sourceTree = "<group>"; };
		152544A623E8AFFB009B0312 /* info.plist */ = {isa = PBXFileReference; lastKnownFileType = text.plist.xml; path = info.plist; sourceTree = "<group>"; };
		152544AF23E8B9B4009B0312 /* HomePageViewController.swift */ = {isa = PBXFileReference; lastKnownFileType = sourcecode.swift; path = HomePageViewController.swift; sourceTree = "<group>"; };
		152544B123E8C053009B0312 /* WatchListViewController.swift */ = {isa = PBXFileReference; lastKnownFileType = sourcecode.swift; path = WatchListViewController.swift; sourceTree = "<group>"; };
		152544B723E8CDC2009B0312 /* ScheduleViewController.swift */ = {isa = PBXFileReference; lastKnownFileType = sourcecode.swift; path = ScheduleViewController.swift; sourceTree = "<group>"; };
		152544BC23E8CE62009B0312 /* Series.swift */ = {isa = PBXFileReference; lastKnownFileType = sourcecode.swift; path = Series.swift; sourceTree = "<group>"; };
		152544BE23E8D343009B0312 /* AddSeriesViewController.swift */ = {isa = PBXFileReference; lastKnownFileType = sourcecode.swift; path = AddSeriesViewController.swift; sourceTree = "<group>"; };
		152544C023E8D7FD009B0312 /* QuickCalendarViewController.swift */ = {isa = PBXFileReference; lastKnownFileType = sourcecode.swift; path = QuickCalendarViewController.swift; sourceTree = "<group>"; };
		152544C223E91233009B0312 /* HomeTilesTableViewCell.swift */ = {isa = PBXFileReference; lastKnownFileType = sourcecode.swift; path = HomeTilesTableViewCell.swift; sourceTree = "<group>"; };
		152544C423E91CE7009B0312 /* SeriesController.swift */ = {isa = PBXFileReference; lastKnownFileType = sourcecode.swift; path = SeriesController.swift; sourceTree = "<group>"; };
/* End PBXFileReference section */

/* Begin PBXFrameworksBuildPhase section */
		1525449223E8AFFA009B0312 /* Frameworks */ = {
			isa = PBXFrameworksBuildPhase;
			buildActionMask = 2147483647;
			files = (
			);
			runOnlyForDeploymentPostprocessing = 0;
		};
/* End PBXFrameworksBuildPhase section */

/* Begin PBXGroup section */
		1525448C23E8AFFA009B0312 = {
			isa = PBXGroup;
			children = (
				1525449723E8AFFA009B0312 /* BinGee */,
				1525449623E8AFFA009B0312 /* Products */,
			);
			sourceTree = "<group>";
		};
		1525449623E8AFFA009B0312 /* Products */ = {
			isa = PBXGroup;
			children = (
				1525449523E8AFFA009B0312 /* BinGee.app */,
			);
			name = Products;
			sourceTree = "<group>";
		};
		1525449723E8AFFA009B0312 /* BinGee */ = {
			isa = PBXGroup;
			children = (
				1525449E23E8AFFA009B0312 /* Main.storyboard */,
				152544BA23E8CE15009B0312 /* HomePage */,
				152544BB23E8CE25009B0312 /* WatchList */,
				152544B923E8CE06009B0312 /* Schedule */,
				152544AC23E8B017009B0312 /* Resources */,
				152544A323E8AFFB009B0312 /* LaunchScreen.storyboard */,
				152544A623E8AFFB009B0312 /* info.plist */,
			);
			path = BinGee;
			sourceTree = "<group>";
		};
		152544AC23E8B017009B0312 /* Resources */ = {
			isa = PBXGroup;
			children = (
				1525449823E8AFFA009B0312 /* AppDelegate.swift */,
				1525449A23E8AFFA009B0312 /* SceneDelegate.swift */,
				152544A123E8AFFB009B0312 /* Assets.xcassets */,
			);
			path = Resources;
			sourceTree = "<group>";
		};
		152544B923E8CE06009B0312 /* Schedule */ = {
			isa = PBXGroup;
			children = (
				152544B723E8CDC2009B0312 /* ScheduleViewController.swift */,
			);
			path = Schedule;
			sourceTree = "<group>";
		};
		152544BA23E8CE15009B0312 /* HomePage */ = {
			isa = PBXGroup;
			children = (
				152544AF23E8B9B4009B0312 /* HomePageViewController.swift */,
				152544C223E91233009B0312 /* HomeTilesTableViewCell.swift */,
				152544C023E8D7FD009B0312 /* QuickCalendarViewController.swift */,
			);
			path = HomePage;
			sourceTree = "<group>";
		};
		152544BB23E8CE25009B0312 /* WatchList */ = {
			isa = PBXGroup;
			children = (
				152544B123E8C053009B0312 /* WatchListViewController.swift */,
				152544BE23E8D343009B0312 /* AddSeriesViewController.swift */,
				152544BC23E8CE62009B0312 /* Series.swift */,
				152544C423E91CE7009B0312 /* SeriesController.swift */,
			);
			path = WatchList;
			sourceTree = "<group>";
		};
/* End PBXGroup section */

/* Begin PBXNativeTarget section */
		1525449423E8AFFA009B0312 /* BinGee */ = {
			isa = PBXNativeTarget;
			buildConfigurationList = 152544A923E8AFFB009B0312 /* Build configuration list for PBXNativeTarget "BinGee" */;
			buildPhases = (
				1525449123E8AFFA009B0312 /* Sources */,
				1525449223E8AFFA009B0312 /* Frameworks */,
				1525449323E8AFFA009B0312 /* Resources */,
			);
			buildRules = (
			);
			dependencies = (
			);
			name = BinGee;
			productName = BinGee;
			productReference = 1525449523E8AFFA009B0312 /* BinGee.app */;
			productType = "com.apple.product-type.application";
		};
/* End PBXNativeTarget section */

/* Begin PBXProject section */
		1525448D23E8AFFA009B0312 /* Project object */ = {
			isa = PBXProject;
			attributes = {
				LastSwiftUpdateCheck = 1130;
				LastUpgradeCheck = 1130;
				ORGANIZATIONNAME = "Nichole Davidson";
				TargetAttributes = {
					1525449423E8AFFA009B0312 = {
						CreatedOnToolsVersion = 11.3.1;
					};
				};
			};
			buildConfigurationList = 1525449023E8AFFA009B0312 /* Build configuration list for PBXProject "BinGee" */;
			compatibilityVersion = "Xcode 9.3";
			developmentRegion = en;
			hasScannedForEncodings = 0;
			knownRegions = (
				en,
				Base,
			);
			mainGroup = 1525448C23E8AFFA009B0312;
			productRefGroup = 1525449623E8AFFA009B0312 /* Products */;
			projectDirPath = "";
			projectRoot = "";
			targets = (
				1525449423E8AFFA009B0312 /* BinGee */,
			);
		};
/* End PBXProject section */

/* Begin PBXResourcesBuildPhase section */
		1525449323E8AFFA009B0312 /* Resources */ = {
			isa = PBXResourcesBuildPhase;
			buildActionMask = 2147483647;
			files = (
				152544A523E8AFFB009B0312 /* LaunchScreen.storyboard in Resources */,
				152544A223E8AFFB009B0312 /* Assets.xcassets in Resources */,
				152544A023E8AFFA009B0312 /* Main.storyboard in Resources */,
			);
			runOnlyForDeploymentPostprocessing = 0;
		};
/* End PBXResourcesBuildPhase section */

/* Begin PBXSourcesBuildPhase section */
		1525449123E8AFFA009B0312 /* Sources */ = {
			isa = PBXSourcesBuildPhase;
			buildActionMask = 2147483647;
			files = (
				152544C523E91CE7009B0312 /* SeriesController.swift in Sources */,
				1525449923E8AFFA009B0312 /* AppDelegate.swift in Sources */,
				152544C123E8D7FD009B0312 /* QuickCalendarViewController.swift in Sources */,
				1525449B23E8AFFA009B0312 /* SceneDelegate.swift in Sources */,
				152544C323E91233009B0312 /* HomeTilesTableViewCell.swift in Sources */,
				152544BF23E8D343009B0312 /* AddSeriesViewController.swift in Sources */,
				152544BD23E8CE62009B0312 /* Series.swift in Sources */,
				152544B823E8CDC2009B0312 /* ScheduleViewController.swift in Sources */,
				152544B223E8C053009B0312 /* WatchListViewController.swift in Sources */,
				152544B023E8B9B4009B0312 /* HomePageViewController.swift in Sources */,
			);
			runOnlyForDeploymentPostprocessing = 0;
		};
/* End PBXSourcesBuildPhase section */

/* Begin PBXVariantGroup section */
		1525449E23E8AFFA009B0312 /* Main.storyboard */ = {
			isa = PBXVariantGroup;
			children = (
				1525449F23E8AFFA009B0312 /* Base */,
			);
			name = Main.storyboard;
			sourceTree = "<group>";
		};
		152544A323E8AFFB009B0312 /* LaunchScreen.storyboard */ = {
			isa = PBXVariantGroup;
			children = (
				152544A423E8AFFB009B0312 /* Base */,
			);
			name = LaunchScreen.storyboard;
			sourceTree = "<group>";
		};
/* End PBXVariantGroup section */

/* Begin XCBuildConfiguration section */
		152544A723E8AFFB009B0312 /* Debug */ = {
			isa = XCBuildConfiguration;
			buildSettings = {
				ALWAYS_SEARCH_USER_PATHS = NO;
				CLANG_ANALYZER_NONNULL = YES;
				CLANG_ANALYZER_NUMBER_OBJECT_CONVERSION = YES_AGGRESSIVE;
				CLANG_CXX_LANGUAGE_STANDARD = "gnu++14";
				CLANG_CXX_LIBRARY = "libc++";
				CLANG_ENABLE_MODULES = YES;
				CLANG_ENABLE_OBJC_ARC = YES;
				CLANG_ENABLE_OBJC_WEAK = YES;
				CLANG_WARN_BLOCK_CAPTURE_AUTORELEASING = YES;
				CLANG_WARN_BOOL_CONVERSION = YES;
				CLANG_WARN_COMMA = YES;
				CLANG_WARN_CONSTANT_CONVERSION = YES;
				CLANG_WARN_DEPRECATED_OBJC_IMPLEMENTATIONS = YES;
				CLANG_WARN_DIRECT_OBJC_ISA_USAGE = YES_ERROR;
				CLANG_WARN_DOCUMENTATION_COMMENTS = YES;
				CLANG_WARN_EMPTY_BODY = YES;
				CLANG_WARN_ENUM_CONVERSION = YES;
				CLANG_WARN_INFINITE_RECURSION = YES;
				CLANG_WARN_INT_CONVERSION = YES;
				CLANG_WARN_NON_LITERAL_NULL_CONVERSION = YES;
				CLANG_WARN_OBJC_IMPLICIT_RETAIN_SELF = YES;
				CLANG_WARN_OBJC_LITERAL_CONVERSION = YES;
				CLANG_WARN_OBJC_ROOT_CLASS = YES_ERROR;
				CLANG_WARN_RANGE_LOOP_ANALYSIS = YES;
				CLANG_WARN_STRICT_PROTOTYPES = YES;
				CLANG_WARN_SUSPICIOUS_MOVE = YES;
				CLANG_WARN_UNGUARDED_AVAILABILITY = YES_AGGRESSIVE;
				CLANG_WARN_UNREACHABLE_CODE = YES;
				CLANG_WARN__DUPLICATE_METHOD_MATCH = YES;
				COPY_PHASE_STRIP = NO;
				DEBUG_INFORMATION_FORMAT = dwarf;
				ENABLE_STRICT_OBJC_MSGSEND = YES;
				ENABLE_TESTABILITY = YES;
				GCC_C_LANGUAGE_STANDARD = gnu11;
				GCC_DYNAMIC_NO_PIC = NO;
				GCC_NO_COMMON_BLOCKS = YES;
				GCC_OPTIMIZATION_LEVEL = 0;
				GCC_PREPROCESSOR_DEFINITIONS = (
					"DEBUG=1",
					"$(inherited)",
				);
				GCC_WARN_64_TO_32_BIT_CONVERSION = YES;
				GCC_WARN_ABOUT_RETURN_TYPE = YES_ERROR;
				GCC_WARN_UNDECLARED_SELECTOR = YES;
				GCC_WARN_UNINITIALIZED_AUTOS = YES_AGGRESSIVE;
				GCC_WARN_UNUSED_FUNCTION = YES;
				GCC_WARN_UNUSED_VARIABLE = YES;
				IPHONEOS_DEPLOYMENT_TARGET = 13.2;
				MTL_ENABLE_DEBUG_INFO = INCLUDE_SOURCE;
				MTL_FAST_MATH = YES;
				ONLY_ACTIVE_ARCH = YES;
				SDKROOT = iphoneos;
				SWIFT_ACTIVE_COMPILATION_CONDITIONS = DEBUG;
				SWIFT_OPTIMIZATION_LEVEL = "-Onone";
			};
			name = Debug;
		};
		152544A823E8AFFB009B0312 /* Release */ = {
			isa = XCBuildConfiguration;
			buildSettings = {
				ALWAYS_SEARCH_USER_PATHS = NO;
				CLANG_ANALYZER_NONNULL = YES;
				CLANG_ANALYZER_NUMBER_OBJECT_CONVERSION = YES_AGGRESSIVE;
				CLANG_CXX_LANGUAGE_STANDARD = "gnu++14";
				CLANG_CXX_LIBRARY = "libc++";
				CLANG_ENABLE_MODULES = YES;
				CLANG_ENABLE_OBJC_ARC = YES;
				CLANG_ENABLE_OBJC_WEAK = YES;
				CLANG_WARN_BLOCK_CAPTURE_AUTORELEASING = YES;
				CLANG_WARN_BOOL_CONVERSION = YES;
				CLANG_WARN_COMMA = YES;
				CLANG_WARN_CONSTANT_CONVERSION = YES;
				CLANG_WARN_DEPRECATED_OBJC_IMPLEMENTATIONS = YES;
				CLANG_WARN_DIRECT_OBJC_ISA_USAGE = YES_ERROR;
				CLANG_WARN_DOCUMENTATION_COMMENTS = YES;
				CLANG_WARN_EMPTY_BODY = YES;
				CLANG_WARN_ENUM_CONVERSION = YES;
				CLANG_WARN_INFINITE_RECURSION = YES;
				CLANG_WARN_INT_CONVERSION = YES;
				CLANG_WARN_NON_LITERAL_NULL_CONVERSION = YES;
				CLANG_WARN_OBJC_IMPLICIT_RETAIN_SELF = YES;
				CLANG_WARN_OBJC_LITERAL_CONVERSION = YES;
				CLANG_WARN_OBJC_ROOT_CLASS = YES_ERROR;
				CLANG_WARN_RANGE_LOOP_ANALYSIS = YES;
				CLANG_WARN_STRICT_PROTOTYPES = YES;
				CLANG_WARN_SUSPICIOUS_MOVE = YES;
				CLANG_WARN_UNGUARDED_AVAILABILITY = YES_AGGRESSIVE;
				CLANG_WARN_UNREACHABLE_CODE = YES;
				CLANG_WARN__DUPLICATE_METHOD_MATCH = YES;
				COPY_PHASE_STRIP = NO;
				DEBUG_INFORMATION_FORMAT = "dwarf-with-dsym";
				ENABLE_NS_ASSERTIONS = NO;
				ENABLE_STRICT_OBJC_MSGSEND = YES;
				GCC_C_LANGUAGE_STANDARD = gnu11;
				GCC_NO_COMMON_BLOCKS = YES;
				GCC_WARN_64_TO_32_BIT_CONVERSION = YES;
				GCC_WARN_ABOUT_RETURN_TYPE = YES_ERROR;
				GCC_WARN_UNDECLARED_SELECTOR = YES;
				GCC_WARN_UNINITIALIZED_AUTOS = YES_AGGRESSIVE;
				GCC_WARN_UNUSED_FUNCTION = YES;
				GCC_WARN_UNUSED_VARIABLE = YES;
				IPHONEOS_DEPLOYMENT_TARGET = 13.2;
				MTL_ENABLE_DEBUG_INFO = NO;
				MTL_FAST_MATH = YES;
				SDKROOT = iphoneos;
				SWIFT_COMPILATION_MODE = wholemodule;
				SWIFT_OPTIMIZATION_LEVEL = "-O";
				VALIDATE_PRODUCT = YES;
			};
			name = Release;
		};
		152544AA23E8AFFB009B0312 /* Debug */ = {
			isa = XCBuildConfiguration;
			buildSettings = {
				ASSETCATALOG_COMPILER_APPICON_NAME = AppIcon;
				CODE_SIGN_STYLE = Automatic;
				INFOPLIST_FILE = BinGee/Info.plist;
				LD_RUNPATH_SEARCH_PATHS = (
					"$(inherited)",
					"@executable_path/Frameworks",
				);
				PRODUCT_BUNDLE_IDENTIFIER = com.nicholedavidson.BinGee;
				PRODUCT_NAME = "$(TARGET_NAME)";
				SWIFT_VERSION = 5.0;
				TARGETED_DEVICE_FAMILY = "1,2";
			};
			name = Debug;
		};
		152544AB23E8AFFB009B0312 /* Release */ = {
			isa = XCBuildConfiguration;
			buildSettings = {
				ASSETCATALOG_COMPILER_APPICON_NAME = AppIcon;
				CODE_SIGN_STYLE = Automatic;
				INFOPLIST_FILE = BinGee/Info.plist;
				LD_RUNPATH_SEARCH_PATHS = (
					"$(inherited)",
					"@executable_path/Frameworks",
				);
				PRODUCT_BUNDLE_IDENTIFIER = com.nicholedavidson.BinGee;
				PRODUCT_NAME = "$(TARGET_NAME)";
				SWIFT_VERSION = 5.0;
				TARGETED_DEVICE_FAMILY = "1,2";
			};
			name = Release;
		};
/* End XCBuildConfiguration section */

/* Begin XCConfigurationList section */
		1525449023E8AFFA009B0312 /* Build configuration list for PBXProject "BinGee" */ = {
			isa = XCConfigurationList;
			buildConfigurations = (
				152544A723E8AFFB009B0312 /* Debug */,
				152544A823E8AFFB009B0312 /* Release */,
			);
			defaultConfigurationIsVisible = 0;
			defaultConfigurationName = Release;
		};
		152544A923E8AFFB009B0312 /* Build configuration list for PBXNativeTarget "BinGee" */ = {
			isa = XCConfigurationList;
			buildConfigurations = (
				152544AA23E8AFFB009B0312 /* Debug */,
				152544AB23E8AFFB009B0312 /* Release */,
			);
			defaultConfigurationIsVisible = 0;
			defaultConfigurationName = Release;
		};
/* End XCConfigurationList section */
	};
	rootObject = 1525448D23E8AFFA009B0312 /* Project object */;
}
